
Microsoft Visual Studio Solution File, Format Version 12.00
# Visual Studio Version 17
VisualStudioVersion = 17.9.34728.123
MinimumVisualStudioVersion = 10.0.40219.1
Project("{FAE04EC0-301F-11D3-BF4B-00C04F79EFBC}") = "Les3ON", "Les3ON\Les3ON.csproj", "{269D0B4B-6CBD-4EB8-99E6-65765172D5EE}"
EndProject
Global
	GlobalSection(SolutionConfigurationPlatforms) = preSolution
		Debug|Any CPU = Debug|Any CPU
		Release|Any CPU = Release|Any CPU
	EndGlobalSection
	GlobalSection(ProjectConfigurationPlatforms) = postSolution
		{269D0B4B-6CBD-4EB8-99E6-65765172D5EE}.Debug|Any CPU.ActiveCfg = Debug|Any CPU
		{269D0B4B-6CBD-4EB8-99E6-65765172D5EE}.Debug|Any CPU.Build.0 = Debug|Any CPU
		{269D0B4B-6CBD-4EB8-99E6-65765172D5EE}.Release|Any CPU.ActiveCfg = Release|Any CPU
		{269D0B4B-6CBD-4EB8-99E6-65765172D5EE}.Release|Any CPU.Build.0 = Release|Any CPU
	EndGlobalSection
	GlobalSection(SolutionProperties) = preSolution
		HideSolutionNode = FALSE
	EndGlobalSection
	GlobalSection(ExtensibilityGlobals) = postSolution
		SolutionGuid = {79E5EF72-4752-447A-A9DE-3918DEC9DF79}
	EndGlobalSection
EndGlobal
